Microsoft Visual Studio Solution File, Format Version 12.00
# Visual Studio 15
VisualStudioVersion = 15.0.26124.0
MinimumVisualStudioVersion = 15.0.26124.0
Project("{9A19103F-16F7-4668-BE54-9A1E7A4F7556}") = "Recruit.Vacancies.Client", "Recruit.Vacancies.Client\Recruit.Vacancies.Client.csproj", "{B22B7C38-F380-4653-8EDA-38BE5AF6F206}"
EndProject
Project("{9A19103F-16F7-4668-BE54-9A1E7A4F7556}") = "UnitTests", "UnitTests\UnitTests.csproj", "{D39B7FED-2D07-4CCD-B2BC-A08843318A65}"
EndProject
Project("{9A19103F-16F7-4668-BE54-9A1E7A4F7556}") = "Recruit.Shared.Web", "Recruit.Shared.Web\Recruit.Shared.Web.csproj", "{58376225-E68C-4E3E-965A-B9CE100F996A}"
EndProject
Project("{9A19103F-16F7-4668-BE54-9A1E7A4F7556}") = "Console.RecruitSeedDataWriter", "Console.RecruitSeedDataWriter\Console.RecruitSeedDataWriter.csproj", "{8C8600AA-54FD-4560-A5C7-D1045B34382E}"
EndProject
Global
	GlobalSection(SolutionConfigurationPlatforms) = preSolution
		Debug|Any CPU = Debug|Any CPU
		Debug|x64 = Debug|x64
		Debug|x86 = Debug|x86
		Release|Any CPU = Release|Any CPU
		Release|x64 = Release|x64
		Release|x86 = Release|x86
	EndGlobalSection
	GlobalSection(ProjectConfigurationPlatforms) = postSolution
		{B22B7C38-F380-4653-8EDA-38BE5AF6F206}.Debug|Any CPU.ActiveCfg = Debug|Any CPU
		{B22B7C38-F380-4653-8EDA-38BE5AF6F206}.Debug|Any CPU.Build.0 = Debug|Any CPU
		{B22B7C38-F380-4653-8EDA-38BE5AF6F206}.Debug|x64.ActiveCfg = Debug|Any CPU
		{B22B7C38-F380-4653-8EDA-38BE5AF6F206}.Debug|x64.Build.0 = Debug|Any CPU
		{B22B7C38-F380-4653-8EDA-38BE5AF6F206}.Debug|x86.ActiveCfg = Debug|Any CPU
		{B22B7C38-F380-4653-8EDA-38BE5AF6F206}.Debug|x86.Build.0 = Debug|Any CPU
		{B22B7C38-F380-4653-8EDA-38BE5AF6F206}.Release|Any CPU.ActiveCfg = Release|Any CPU
		{B22B7C38-F380-4653-8EDA-38BE5AF6F206}.Release|Any CPU.Build.0 = Release|Any CPU
		{B22B7C38-F380-4653-8EDA-38BE5AF6F206}.Release|x64.ActiveCfg = Release|Any CPU
		{B22B7C38-F380-4653-8EDA-38BE5AF6F206}.Release|x64.Build.0 = Release|Any CPU
		{B22B7C38-F380-4653-8EDA-38BE5AF6F206}.Release|x86.ActiveCfg = Release|Any CPU
		{B22B7C38-F380-4653-8EDA-38BE5AF6F206}.Release|x86.Build.0 = Release|Any CPU
		{D39B7FED-2D07-4CCD-B2BC-A08843318A65}.Debug|Any CPU.ActiveCfg = Debug|Any CPU
		{D39B7FED-2D07-4CCD-B2BC-A08843318A65}.Debug|Any CPU.Build.0 = Debug|Any CPU
		{D39B7FED-2D07-4CCD-B2BC-A08843318A65}.Debug|x64.ActiveCfg = Debug|Any CPU
		{D39B7FED-2D07-4CCD-B2BC-A08843318A65}.Debug|x64.Build.0 = Debug|Any CPU
		{D39B7FED-2D07-4CCD-B2BC-A08843318A65}.Debug|x86.ActiveCfg = Debug|Any CPU
		{D39B7FED-2D07-4CCD-B2BC-A08843318A65}.Debug|x86.Build.0 = Debug|Any CPU
		{D39B7FED-2D07-4CCD-B2BC-A08843318A65}.Release|Any CPU.ActiveCfg = Release|Any CPU
		{D39B7FED-2D07-4CCD-B2BC-A08843318A65}.Release|Any CPU.Build.0 = Release|Any CPU
		{D39B7FED-2D07-4CCD-B2BC-A08843318A65}.Release|x64.ActiveCfg = Release|Any CPU
		{D39B7FED-2D07-4CCD-B2BC-A08843318A65}.Release|x64.Build.0 = Release|Any CPU
		{D39B7FED-2D07-4CCD-B2BC-A08843318A65}.Release|x86.ActiveCfg = Release|Any CPU
		{D39B7FED-2D07-4CCD-B2BC-A08843318A65}.Release|x86.Build.0 = Release|Any CPU
		{58376225-E68C-4E3E-965A-B9CE100F996A}.Debug|Any CPU.ActiveCfg = Debug|Any CPU
		{58376225-E68C-4E3E-965A-B9CE100F996A}.Debug|Any CPU.Build.0 = Debug|Any CPU
		{58376225-E68C-4E3E-965A-B9CE100F996A}.Debug|x64.ActiveCfg = Debug|Any CPU
		{58376225-E68C-4E3E-965A-B9CE100F996A}.Debug|x64.Build.0 = Debug|Any CPU
		{58376225-E68C-4E3E-965A-B9CE100F996A}.Debug|x86.ActiveCfg = Debug|Any CPU
		{58376225-E68C-4E3E-965A-B9CE100F996A}.Debug|x86.Build.0 = Debug|Any CPU
		{58376225-E68C-4E3E-965A-B9CE100F996A}.Release|Any CPU.ActiveCfg = Release|Any CPU
		{58376225-E68C-4E3E-965A-B9CE100F996A}.Release|Any CPU.Build.0 = Release|Any CPU
		{58376225-E68C-4E3E-965A-B9CE100F996A}.Release|x64.ActiveCfg = Release|Any CPU
		{58376225-E68C-4E3E-965A-B9CE100F996A}.Release|x64.Build.0 = Release|Any CPU
		{58376225-E68C-4E3E-965A-B9CE100F996A}.Release|x86.ActiveCfg = Release|Any CPU
		{58376225-E68C-4E3E-965A-B9CE100F996A}.Release|x86.Build.0 = Release|Any CPU
		{8C8600AA-54FD-4560-A5C7-D1045B34382E}.Debug|Any CPU.ActiveCfg = Debug|Any CPU
		{8C8600AA-54FD-4560-A5C7-D1045B34382E}.Debug|Any CPU.Build.0 = Debug|Any CPU
		{8C8600AA-54FD-4560-A5C7-D1045B34382E}.Debug|x64.ActiveCfg = Debug|Any CPU
		{8C8600AA-54FD-4560-A5C7-D1045B34382E}.Debug|x64.Build.0 = Debug|Any CPU
		{8C8600AA-54FD-4560-A5C7-D1045B34382E}.Debug|x86.ActiveCfg = Debug|Any CPU
		{8C8600AA-54FD-4560-A5C7-D1045B34382E}.Debug|x86.Build.0 = Debug|Any CPU
		{8C8600AA-54FD-4560-A5C7-D1045B34382E}.Release|Any CPU.ActiveCfg = Release|Any CPU
		{8C8600AA-54FD-4560-A5C7-D1045B34382E}.Release|Any CPU.Build.0 = Release|Any CPU
		{8C8600AA-54FD-4560-A5C7-D1045B34382E}.Release|x64.ActiveCfg = Release|Any CPU
		{8C8600AA-54FD-4560-A5C7-D1045B34382E}.Release|x64.Build.0 = Release|Any CPU
		{8C8600AA-54FD-4560-A5C7-D1045B34382E}.Release|x86.ActiveCfg = Release|Any CPU
		{8C8600AA-54FD-4560-A5C7-D1045B34382E}.Release|x86.Build.0 = Release|Any CPU
	EndGlobalSection
	GlobalSection(SolutionProperties) = preSolution
		HideSolutionNode = FALSE
	EndGlobalSection
	GlobalSection(ExtensibilityGlobals) = postSolution
		SolutionGuid = {CC9EA948-F040-4BCF-A344-C2EE9E9ECC68}
	EndGlobalSection
EndGlobal
