Microsoft Visual Studio Solution File, Format Version 12.00
# Visual Studio 15
VisualStudioVersion = 15.0.27130.2036
MinimumVisualStudioVersion = 15.0.26124.0
Project("{FAE04EC0-301F-11D3-BF4B-00C04F79EFBC}") = "Recruit.Vacancies.Jobs", "Recruit.Vacancies.Jobs\Recruit.Vacancies.Jobs.csproj", "{974C60A5-02B6-4D55-B443-CD22E54218C3}"
EndProject
Project("{FAE04EC0-301F-11D3-BF4B-00C04F79EFBC}") = "Recruit.Vacancies.Client", "..\Shared\Recruit.Vacancies.Client\Recruit.Vacancies.Client.csproj", "{1AB272F7-55EC-4002-BBDD-B1EBFE2C0CE8}"
EndProject
Global
	GlobalSection(SolutionConfigurationPlatforms) = preSolution
		Debug|Any CPU = Debug|Any CPU
		Debug|x64 = Debug|x64
		Debug|x86 = Debug|x86
		Release|Any CPU = Release|Any CPU
		Release|x64 = Release|x64
		Release|x86 = Release|x86
	EndGlobalSection
	GlobalSection(ProjectConfigurationPlatforms) = postSolution
		{974C60A5-02B6-4D55-B443-CD22E54218C3}.Debug|Any CPU.ActiveCfg = Debug|Any CPU
		{974C60A5-02B6-4D55-B443-CD22E54218C3}.Debug|Any CPU.Build.0 = Debug|Any CPU
		{974C60A5-02B6-4D55-B443-CD22E54218C3}.Debug|x64.ActiveCfg = Debug|Any CPU
		{974C60A5-02B6-4D55-B443-CD22E54218C3}.Debug|x64.Build.0 = Debug|Any CPU
		{974C60A5-02B6-4D55-B443-CD22E54218C3}.Debug|x86.ActiveCfg = Debug|Any CPU
		{974C60A5-02B6-4D55-B443-CD22E54218C3}.Debug|x86.Build.0 = Debug|Any CPU
		{974C60A5-02B6-4D55-B443-CD22E54218C3}.Release|Any CPU.ActiveCfg = Release|Any CPU
		{974C60A5-02B6-4D55-B443-CD22E54218C3}.Release|Any CPU.Build.0 = Release|Any CPU
		{974C60A5-02B6-4D55-B443-CD22E54218C3}.Release|x64.ActiveCfg = Release|Any CPU
		{974C60A5-02B6-4D55-B443-CD22E54218C3}.Release|x64.Build.0 = Release|Any CPU
		{974C60A5-02B6-4D55-B443-CD22E54218C3}.Release|x86.ActiveCfg = Release|Any CPU
		{974C60A5-02B6-4D55-B443-CD22E54218C3}.Release|x86.Build.0 = Release|Any CPU
		{1AB272F7-55EC-4002-BBDD-B1EBFE2C0CE8}.Debug|Any CPU.ActiveCfg = Debug|Any CPU
		{1AB272F7-55EC-4002-BBDD-B1EBFE2C0CE8}.Debug|Any CPU.Build.0 = Debug|Any CPU
		{1AB272F7-55EC-4002-BBDD-B1EBFE2C0CE8}.Debug|x64.ActiveCfg = Debug|Any CPU
		{1AB272F7-55EC-4002-BBDD-B1EBFE2C0CE8}.Debug|x64.Build.0 = Debug|Any CPU
		{1AB272F7-55EC-4002-BBDD-B1EBFE2C0CE8}.Debug|x86.ActiveCfg = Debug|Any CPU
		{1AB272F7-55EC-4002-BBDD-B1EBFE2C0CE8}.Debug|x86.Build.0 = Debug|Any CPU
		{1AB272F7-55EC-4002-BBDD-B1EBFE2C0CE8}.Release|Any CPU.ActiveCfg = Release|Any CPU
		{1AB272F7-55EC-4002-BBDD-B1EBFE2C0CE8}.Release|Any CPU.Build.0 = Release|Any CPU
		{1AB272F7-55EC-4002-BBDD-B1EBFE2C0CE8}.Release|x64.ActiveCfg = Release|Any CPU
		{1AB272F7-55EC-4002-BBDD-B1EBFE2C0CE8}.Release|x64.Build.0 = Release|Any CPU
		{1AB272F7-55EC-4002-BBDD-B1EBFE2C0CE8}.Release|x86.ActiveCfg = Release|Any CPU
		{1AB272F7-55EC-4002-BBDD-B1EBFE2C0CE8}.Release|x86.Build.0 = Release|Any CPU
	EndGlobalSection
	GlobalSection(SolutionProperties) = preSolution
		HideSolutionNode = FALSE
	EndGlobalSection
	GlobalSection(ExtensibilityGlobals) = postSolution
		SolutionGuid = {7037B222-AEA5-44C9-9F54-7CC3C07329EC}
	EndGlobalSection
EndGlobal
