Microsoft Visual Studio Solution File, Format Version 12.00
# Visual Studio Version 16
VisualStudioVersion = 16.0.29613.14
MinimumVisualStudioVersion = 15.0.26124.0
Project("{9A19103F-16F7-4668-BE54-9A1E7A4F7556}") = "Employer.Web", "Employer.Web\Employer.Web.csproj", "{9C9261F7-B779-4BAC-BFC0-EA63375F718B}"
EndProject
Project("{9A19103F-16F7-4668-BE54-9A1E7A4F7556}") = "UnitTests", "UnitTests\UnitTests.csproj", "{6B9BE737-38C8-46FB-AB78-FF43B4044EF2}"
EndProject
Project("{9A19103F-16F7-4668-BE54-9A1E7A4F7556}") = "IntegrationTests", "IntegrationTests\IntegrationTests.csproj", "{723ADF83-C33B-49A4-BADC-E0EC1D94CD68}"
EndProject
Project("{2150E333-8FDC-42A3-9474-1A3956D46DE8}") = "Solution Items", "Solution Items", "{784BB04D-CF2D-4160-BC59-657FCB87464E}"
	ProjectSection(SolutionItems) = preProject
		..\README.md = ..\README.md
		..\..\azure\template.json = ..\..\azure\template.json
	EndProjectSection
EndProject
Project("{9A19103F-16F7-4668-BE54-9A1E7A4F7556}") = "Recruit.Vacancies.Client", "..\Shared\Recruit.Vacancies.Client\Recruit.Vacancies.Client.csproj", "{A7DE9840-CA1D-4B8C-BDFB-D67B9AB8B6C0}"
EndProject
Project("{2150E333-8FDC-42A3-9474-1A3956D46DE8}") = "Tests", "Tests", "{9EEDEBC0-B3C4-4D3A-8D38-9CA216C00926}"
EndProject
Project("{9A19103F-16F7-4668-BE54-9A1E7A4F7556}") = "Recruit.Shared.Web", "..\Shared\Recruit.Shared.Web\Recruit.Shared.Web.csproj", "{482143A5-0356-4484-B5A1-DEFD4446ADDB}"
EndProject
Global
	GlobalSection(SolutionConfigurationPlatforms) = preSolution
		Debug|Any CPU = Debug|Any CPU
		Debug|x64 = Debug|x64
		Debug|x86 = Debug|x86
		Release|Any CPU = Release|Any CPU
		Release|x64 = Release|x64
		Release|x86 = Release|x86
	EndGlobalSection
	GlobalSection(ProjectConfigurationPlatforms) = postSolution
		{9C9261F7-B779-4BAC-BFC0-EA63375F718B}.Debug|Any CPU.ActiveCfg = Debug|Any CPU
		{9C9261F7-B779-4BAC-BFC0-EA63375F718B}.Debug|Any CPU.Build.0 = Debug|Any CPU
		{9C9261F7-B779-4BAC-BFC0-EA63375F718B}.Debug|x64.ActiveCfg = Debug|Any CPU
		{9C9261F7-B779-4BAC-BFC0-EA63375F718B}.Debug|x64.Build.0 = Debug|Any CPU
		{9C9261F7-B779-4BAC-BFC0-EA63375F718B}.Debug|x86.ActiveCfg = Debug|Any CPU
		{9C9261F7-B779-4BAC-BFC0-EA63375F718B}.Debug|x86.Build.0 = Debug|Any CPU
		{9C9261F7-B779-4BAC-BFC0-EA63375F718B}.Release|Any CPU.ActiveCfg = Release|Any CPU
		{9C9261F7-B779-4BAC-BFC0-EA63375F718B}.Release|Any CPU.Build.0 = Release|Any CPU
		{9C9261F7-B779-4BAC-BFC0-EA63375F718B}.Release|x64.ActiveCfg = Release|Any CPU
		{9C9261F7-B779-4BAC-BFC0-EA63375F718B}.Release|x64.Build.0 = Release|Any CPU
		{9C9261F7-B779-4BAC-BFC0-EA63375F718B}.Release|x86.ActiveCfg = Release|Any CPU
		{9C9261F7-B779-4BAC-BFC0-EA63375F718B}.Release|x86.Build.0 = Release|Any CPU
		{6B9BE737-38C8-46FB-AB78-FF43B4044EF2}.Debug|Any CPU.ActiveCfg = Debug|Any CPU
		{6B9BE737-38C8-46FB-AB78-FF43B4044EF2}.Debug|Any CPU.Build.0 = Debug|Any CPU
		{6B9BE737-38C8-46FB-AB78-FF43B4044EF2}.Debug|x64.ActiveCfg = Debug|Any CPU
		{6B9BE737-38C8-46FB-AB78-FF43B4044EF2}.Debug|x64.Build.0 = Debug|Any CPU
		{6B9BE737-38C8-46FB-AB78-FF43B4044EF2}.Debug|x86.ActiveCfg = Debug|Any CPU
		{6B9BE737-38C8-46FB-AB78-FF43B4044EF2}.Debug|x86.Build.0 = Debug|Any CPU
		{6B9BE737-38C8-46FB-AB78-FF43B4044EF2}.Release|Any CPU.ActiveCfg = Release|Any CPU
		{6B9BE737-38C8-46FB-AB78-FF43B4044EF2}.Release|Any CPU.Build.0 = Release|Any CPU
		{6B9BE737-38C8-46FB-AB78-FF43B4044EF2}.Release|x64.ActiveCfg = Release|Any CPU
		{6B9BE737-38C8-46FB-AB78-FF43B4044EF2}.Release|x64.Build.0 = Release|Any CPU
		{6B9BE737-38C8-46FB-AB78-FF43B4044EF2}.Release|x86.ActiveCfg = Release|Any CPU
		{6B9BE737-38C8-46FB-AB78-FF43B4044EF2}.Release|x86.Build.0 = Release|Any CPU
		{723ADF83-C33B-49A4-BADC-E0EC1D94CD68}.Debug|Any CPU.ActiveCfg = Debug|Any CPU
		{723ADF83-C33B-49A4-BADC-E0EC1D94CD68}.Debug|Any CPU.Build.0 = Debug|Any CPU
		{723ADF83-C33B-49A4-BADC-E0EC1D94CD68}.Debug|x64.ActiveCfg = Debug|Any CPU
		{723ADF83-C33B-49A4-BADC-E0EC1D94CD68}.Debug|x64.Build.0 = Debug|Any CPU
		{723ADF83-C33B-49A4-BADC-E0EC1D94CD68}.Debug|x86.ActiveCfg = Debug|Any CPU
		{723ADF83-C33B-49A4-BADC-E0EC1D94CD68}.Debug|x86.Build.0 = Debug|Any CPU
		{723ADF83-C33B-49A4-BADC-E0EC1D94CD68}.Release|Any CPU.ActiveCfg = Release|Any CPU
		{723ADF83-C33B-49A4-BADC-E0EC1D94CD68}.Release|Any CPU.Build.0 = Release|Any CPU
		{723ADF83-C33B-49A4-BADC-E0EC1D94CD68}.Release|x64.ActiveCfg = Release|Any CPU
		{723ADF83-C33B-49A4-BADC-E0EC1D94CD68}.Release|x64.Build.0 = Release|Any CPU
		{723ADF83-C33B-49A4-BADC-E0EC1D94CD68}.Release|x86.ActiveCfg = Release|Any CPU
		{723ADF83-C33B-49A4-BADC-E0EC1D94CD68}.Release|x86.Build.0 = Release|Any CPU
		{A7DE9840-CA1D-4B8C-BDFB-D67B9AB8B6C0}.Debug|Any CPU.ActiveCfg = Debug|Any CPU
		{A7DE9840-CA1D-4B8C-BDFB-D67B9AB8B6C0}.Debug|Any CPU.Build.0 = Debug|Any CPU
		{A7DE9840-CA1D-4B8C-BDFB-D67B9AB8B6C0}.Debug|x64.ActiveCfg = Debug|Any CPU
		{A7DE9840-CA1D-4B8C-BDFB-D67B9AB8B6C0}.Debug|x64.Build.0 = Debug|Any CPU
		{A7DE9840-CA1D-4B8C-BDFB-D67B9AB8B6C0}.Debug|x86.ActiveCfg = Debug|Any CPU
		{A7DE9840-CA1D-4B8C-BDFB-D67B9AB8B6C0}.Debug|x86.Build.0 = Debug|Any CPU
		{A7DE9840-CA1D-4B8C-BDFB-D67B9AB8B6C0}.Release|Any CPU.ActiveCfg = Release|Any CPU
		{A7DE9840-CA1D-4B8C-BDFB-D67B9AB8B6C0}.Release|Any CPU.Build.0 = Release|Any CPU
		{A7DE9840-CA1D-4B8C-BDFB-D67B9AB8B6C0}.Release|x64.ActiveCfg = Release|Any CPU
		{A7DE9840-CA1D-4B8C-BDFB-D67B9AB8B6C0}.Release|x64.Build.0 = Release|Any CPU
		{A7DE9840-CA1D-4B8C-BDFB-D67B9AB8B6C0}.Release|x86.ActiveCfg = Release|Any CPU
		{A7DE9840-CA1D-4B8C-BDFB-D67B9AB8B6C0}.Release|x86.Build.0 = Release|Any CPU
		{482143A5-0356-4484-B5A1-DEFD4446ADDB}.Debug|Any CPU.ActiveCfg = Debug|Any CPU
		{482143A5-0356-4484-B5A1-DEFD4446ADDB}.Debug|Any CPU.Build.0 = Debug|Any CPU
		{482143A5-0356-4484-B5A1-DEFD4446ADDB}.Debug|x64.ActiveCfg = Debug|Any CPU
		{482143A5-0356-4484-B5A1-DEFD4446ADDB}.Debug|x64.Build.0 = Debug|Any CPU
		{482143A5-0356-4484-B5A1-DEFD4446ADDB}.Debug|x86.ActiveCfg = Debug|Any CPU
		{482143A5-0356-4484-B5A1-DEFD4446ADDB}.Debug|x86.Build.0 = Debug|Any CPU
		{482143A5-0356-4484-B5A1-DEFD4446ADDB}.Release|Any CPU.ActiveCfg = Release|Any CPU
		{482143A5-0356-4484-B5A1-DEFD4446ADDB}.Release|Any CPU.Build.0 = Release|Any CPU
		{482143A5-0356-4484-B5A1-DEFD4446ADDB}.Release|x64.ActiveCfg = Release|Any CPU
		{482143A5-0356-4484-B5A1-DEFD4446ADDB}.Release|x64.Build.0 = Release|Any CPU
		{482143A5-0356-4484-B5A1-DEFD4446ADDB}.Release|x86.ActiveCfg = Release|Any CPU
		{482143A5-0356-4484-B5A1-DEFD4446ADDB}.Release|x86.Build.0 = Release|Any CPU
	EndGlobalSection
	GlobalSection(SolutionProperties) = preSolution
		HideSolutionNode = FALSE
	EndGlobalSection
	GlobalSection(NestedProjects) = preSolution
		{6B9BE737-38C8-46FB-AB78-FF43B4044EF2} = {9EEDEBC0-B3C4-4D3A-8D38-9CA216C00926}
		{723ADF83-C33B-49A4-BADC-E0EC1D94CD68} = {9EEDEBC0-B3C4-4D3A-8D38-9CA216C00926}
	EndGlobalSection
	GlobalSection(ExtensibilityGlobals) = postSolution
		SolutionGuid = {C1C67896-5CEA-4F05-88DE-1799F9120C2B}
	EndGlobalSection
EndGlobal
