
Microsoft Visual Studio Solution File, Format Version 12.00
# Visual Studio 15
VisualStudioVersion = 15.0.26124.0
MinimumVisualStudioVersion = 15.0.26124.0
Project("{FAE04EC0-301F-11D3-BF4B-00C04F79EFBC}") = "Communication.Core", "Communication.Core\Communication.Core.csproj", "{5216B40D-A8B0-4842-95B8-743A7FDF96AF}"
EndProject
Project("{FAE04EC0-301F-11D3-BF4B-00C04F79EFBC}") = "Communication.Types", "Communication.Types\Communication.Types.csproj", "{6A27045F-705B-42CC-8A04-4EA48237FEBD}"
EndProject
Project("{FAE04EC0-301F-11D3-BF4B-00C04F79EFBC}") = "Communication.UnitTests", "Communication.UnitTests\Communication.UnitTests.csproj", "{385C8959-DF6D-4D45-906B-1DE9DD9B6B95}"
EndProject
Global
	GlobalSection(SolutionConfigurationPlatforms) = preSolution
		Debug|Any CPU = Debug|Any CPU
		Debug|x64 = Debug|x64
		Debug|x86 = Debug|x86
		Release|Any CPU = Release|Any CPU
		Release|x64 = Release|x64
		Release|x86 = Release|x86
	EndGlobalSection
	GlobalSection(SolutionProperties) = preSolution
		HideSolutionNode = FALSE
	EndGlobalSection
	GlobalSection(ProjectConfigurationPlatforms) = postSolution
		{5216B40D-A8B0-4842-95B8-743A7FDF96AF}.Debug|Any CPU.ActiveCfg = Debug|Any CPU
		{5216B40D-A8B0-4842-95B8-743A7FDF96AF}.Debug|Any CPU.Build.0 = Debug|Any CPU
		{5216B40D-A8B0-4842-95B8-743A7FDF96AF}.Debug|x64.ActiveCfg = Debug|Any CPU
		{5216B40D-A8B0-4842-95B8-743A7FDF96AF}.Debug|x64.Build.0 = Debug|Any CPU
		{5216B40D-A8B0-4842-95B8-743A7FDF96AF}.Debug|x86.ActiveCfg = Debug|Any CPU
		{5216B40D-A8B0-4842-95B8-743A7FDF96AF}.Debug|x86.Build.0 = Debug|Any CPU
		{5216B40D-A8B0-4842-95B8-743A7FDF96AF}.Release|Any CPU.ActiveCfg = Release|Any CPU
		{5216B40D-A8B0-4842-95B8-743A7FDF96AF}.Release|Any CPU.Build.0 = Release|Any CPU
		{5216B40D-A8B0-4842-95B8-743A7FDF96AF}.Release|x64.ActiveCfg = Release|Any CPU
		{5216B40D-A8B0-4842-95B8-743A7FDF96AF}.Release|x64.Build.0 = Release|Any CPU
		{5216B40D-A8B0-4842-95B8-743A7FDF96AF}.Release|x86.ActiveCfg = Release|Any CPU
		{5216B40D-A8B0-4842-95B8-743A7FDF96AF}.Release|x86.Build.0 = Release|Any CPU
		{6A27045F-705B-42CC-8A04-4EA48237FEBD}.Debug|Any CPU.ActiveCfg = Debug|Any CPU
		{6A27045F-705B-42CC-8A04-4EA48237FEBD}.Debug|Any CPU.Build.0 = Debug|Any CPU
		{6A27045F-705B-42CC-8A04-4EA48237FEBD}.Debug|x64.ActiveCfg = Debug|Any CPU
		{6A27045F-705B-42CC-8A04-4EA48237FEBD}.Debug|x64.Build.0 = Debug|Any CPU
		{6A27045F-705B-42CC-8A04-4EA48237FEBD}.Debug|x86.ActiveCfg = Debug|Any CPU
		{6A27045F-705B-42CC-8A04-4EA48237FEBD}.Debug|x86.Build.0 = Debug|Any CPU
		{6A27045F-705B-42CC-8A04-4EA48237FEBD}.Release|Any CPU.ActiveCfg = Release|Any CPU
		{6A27045F-705B-42CC-8A04-4EA48237FEBD}.Release|Any CPU.Build.0 = Release|Any CPU
		{6A27045F-705B-42CC-8A04-4EA48237FEBD}.Release|x64.ActiveCfg = Release|Any CPU
		{6A27045F-705B-42CC-8A04-4EA48237FEBD}.Release|x64.Build.0 = Release|Any CPU
		{6A27045F-705B-42CC-8A04-4EA48237FEBD}.Release|x86.ActiveCfg = Release|Any CPU
		{6A27045F-705B-42CC-8A04-4EA48237FEBD}.Release|x86.Build.0 = Release|Any CPU
		{385C8959-DF6D-4D45-906B-1DE9DD9B6B95}.Debug|Any CPU.ActiveCfg = Debug|Any CPU
		{385C8959-DF6D-4D45-906B-1DE9DD9B6B95}.Debug|Any CPU.Build.0 = Debug|Any CPU
		{385C8959-DF6D-4D45-906B-1DE9DD9B6B95}.Debug|x64.ActiveCfg = Debug|Any CPU
		{385C8959-DF6D-4D45-906B-1DE9DD9B6B95}.Debug|x64.Build.0 = Debug|Any CPU
		{385C8959-DF6D-4D45-906B-1DE9DD9B6B95}.Debug|x86.ActiveCfg = Debug|Any CPU
		{385C8959-DF6D-4D45-906B-1DE9DD9B6B95}.Debug|x86.Build.0 = Debug|Any CPU
		{385C8959-DF6D-4D45-906B-1DE9DD9B6B95}.Release|Any CPU.ActiveCfg = Release|Any CPU
		{385C8959-DF6D-4D45-906B-1DE9DD9B6B95}.Release|Any CPU.Build.0 = Release|Any CPU
		{385C8959-DF6D-4D45-906B-1DE9DD9B6B95}.Release|x64.ActiveCfg = Release|Any CPU
		{385C8959-DF6D-4D45-906B-1DE9DD9B6B95}.Release|x64.Build.0 = Release|Any CPU
		{385C8959-DF6D-4D45-906B-1DE9DD9B6B95}.Release|x86.ActiveCfg = Release|Any CPU
		{385C8959-DF6D-4D45-906B-1DE9DD9B6B95}.Release|x86.Build.0 = Release|Any CPU
	EndGlobalSection
EndGlobal
