Microsoft Visual Studio Solution File, Format Version 12.00
# Visual Studio 15
VisualStudioVersion = 15.0.27130.2024
MinimumVisualStudioVersion = 15.0.26124.0
Project("{9A19103F-16F7-4668-BE54-9A1E7A4F7556}") = "Employer.Web", "Employer.Web\Employer.Web.csproj", "{9C9261F7-B779-4BAC-BFC0-EA63375F718B}"
EndProject
Project("{9A19103F-16F7-4668-BE54-9A1E7A4F7556}") = "Employer.Web.UnitTests", "Employer.Web.UnitTests\Employer.Web.UnitTests.csproj", "{6B9BE737-38C8-46FB-AB78-FF43B4044EF2}"
EndProject
Project("{151D2E53-A2C4-4D7D-83FE-D05416EBD58E}") = "Esfa.Recruit.Azure.Resources", "Esfa.Recruit.Azure.Resources\Esfa.Recruit.Azure.Resources.deployproj", "{D39E21A9-E8C6-461E-87AE-74180559F2A5}"
EndProject
Global
	GlobalSection(SolutionConfigurationPlatforms) = preSolution
		Debug|Any CPU = Debug|Any CPU
		Debug|x64 = Debug|x64
		Debug|x86 = Debug|x86
		Release|Any CPU = Release|Any CPU
		Release|x64 = Release|x64
		Release|x86 = Release|x86
	EndGlobalSection
	GlobalSection(ProjectConfigurationPlatforms) = postSolution
		{9C9261F7-B779-4BAC-BFC0-EA63375F718B}.Debug|Any CPU.ActiveCfg = Debug|Any CPU
		{9C9261F7-B779-4BAC-BFC0-EA63375F718B}.Debug|Any CPU.Build.0 = Debug|Any CPU
		{9C9261F7-B779-4BAC-BFC0-EA63375F718B}.Debug|x64.ActiveCfg = Debug|Any CPU
		{9C9261F7-B779-4BAC-BFC0-EA63375F718B}.Debug|x64.Build.0 = Debug|Any CPU
		{9C9261F7-B779-4BAC-BFC0-EA63375F718B}.Debug|x86.ActiveCfg = Debug|Any CPU
		{9C9261F7-B779-4BAC-BFC0-EA63375F718B}.Debug|x86.Build.0 = Debug|Any CPU
		{9C9261F7-B779-4BAC-BFC0-EA63375F718B}.Release|Any CPU.ActiveCfg = Release|Any CPU
		{9C9261F7-B779-4BAC-BFC0-EA63375F718B}.Release|Any CPU.Build.0 = Release|Any CPU
		{9C9261F7-B779-4BAC-BFC0-EA63375F718B}.Release|x64.ActiveCfg = Release|Any CPU
		{9C9261F7-B779-4BAC-BFC0-EA63375F718B}.Release|x64.Build.0 = Release|Any CPU
		{9C9261F7-B779-4BAC-BFC0-EA63375F718B}.Release|x86.ActiveCfg = Release|Any CPU
		{9C9261F7-B779-4BAC-BFC0-EA63375F718B}.Release|x86.Build.0 = Release|Any CPU
		{6B9BE737-38C8-46FB-AB78-FF43B4044EF2}.Debug|Any CPU.ActiveCfg = Debug|Any CPU
		{6B9BE737-38C8-46FB-AB78-FF43B4044EF2}.Debug|Any CPU.Build.0 = Debug|Any CPU
		{6B9BE737-38C8-46FB-AB78-FF43B4044EF2}.Debug|x64.ActiveCfg = Debug|Any CPU
		{6B9BE737-38C8-46FB-AB78-FF43B4044EF2}.Debug|x64.Build.0 = Debug|Any CPU
		{6B9BE737-38C8-46FB-AB78-FF43B4044EF2}.Debug|x86.ActiveCfg = Debug|Any CPU
		{6B9BE737-38C8-46FB-AB78-FF43B4044EF2}.Debug|x86.Build.0 = Debug|Any CPU
		{6B9BE737-38C8-46FB-AB78-FF43B4044EF2}.Release|Any CPU.ActiveCfg = Release|Any CPU
		{6B9BE737-38C8-46FB-AB78-FF43B4044EF2}.Release|Any CPU.Build.0 = Release|Any CPU
		{6B9BE737-38C8-46FB-AB78-FF43B4044EF2}.Release|x64.ActiveCfg = Release|Any CPU
		{6B9BE737-38C8-46FB-AB78-FF43B4044EF2}.Release|x64.Build.0 = Release|Any CPU
		{6B9BE737-38C8-46FB-AB78-FF43B4044EF2}.Release|x86.ActiveCfg = Release|Any CPU
		{6B9BE737-38C8-46FB-AB78-FF43B4044EF2}.Release|x86.Build.0 = Release|Any CPU
		{D39E21A9-E8C6-461E-87AE-74180559F2A5}.Debug|Any CPU.ActiveCfg = Debug|Any CPU
		{D39E21A9-E8C6-461E-87AE-74180559F2A5}.Debug|Any CPU.Build.0 = Debug|Any CPU
		{D39E21A9-E8C6-461E-87AE-74180559F2A5}.Debug|x64.ActiveCfg = Debug|Any CPU
		{D39E21A9-E8C6-461E-87AE-74180559F2A5}.Debug|x64.Build.0 = Debug|Any CPU
		{D39E21A9-E8C6-461E-87AE-74180559F2A5}.Debug|x86.ActiveCfg = Debug|Any CPU
		{D39E21A9-E8C6-461E-87AE-74180559F2A5}.Debug|x86.Build.0 = Debug|Any CPU
		{D39E21A9-E8C6-461E-87AE-74180559F2A5}.Release|Any CPU.ActiveCfg = Release|Any CPU
		{D39E21A9-E8C6-461E-87AE-74180559F2A5}.Release|Any CPU.Build.0 = Release|Any CPU
		{D39E21A9-E8C6-461E-87AE-74180559F2A5}.Release|x64.ActiveCfg = Release|Any CPU
		{D39E21A9-E8C6-461E-87AE-74180559F2A5}.Release|x64.Build.0 = Release|Any CPU
		{D39E21A9-E8C6-461E-87AE-74180559F2A5}.Release|x86.ActiveCfg = Release|Any CPU
		{D39E21A9-E8C6-461E-87AE-74180559F2A5}.Release|x86.Build.0 = Release|Any CPU
	EndGlobalSection
	GlobalSection(SolutionProperties) = preSolution
		HideSolutionNode = FALSE
	EndGlobalSection
	GlobalSection(ExtensibilityGlobals) = postSolution
		SolutionGuid = {C1C67896-5CEA-4F05-88DE-1799F9120C2B}
	EndGlobalSection
EndGlobal
