
Microsoft Visual Studio Solution File, Format Version 12.00
# Visual Studio 15
VisualStudioVersion = 15.0.26124.0
MinimumVisualStudioVersion = 15.0.26124.0
Project("{2150E333-8FDC-42A3-9474-1A3956D46DE8}") = "Employer", "Employer", "{470FBC22-748F-4CB6-A273-C89638289E6E}"
EndProject
Project("{9A19103F-16F7-4668-BE54-9A1E7A4F7556}") = "Employer.Web", "Employer\Employer.Web\Employer.Web.csproj", "{A42E6528-7DBE-414F-B48B-51DAA6546875}"
EndProject
Project("{9A19103F-16F7-4668-BE54-9A1E7A4F7556}") = "UnitTests", "Employer\UnitTests\UnitTests.csproj", "{58A51AB4-3A7D-4E69-BB24-61F1249108DF}"
EndProject
Project("{9A19103F-16F7-4668-BE54-9A1E7A4F7556}") = "IntegrationTests", "Employer\IntegrationTests\IntegrationTests.csproj", "{EE570CFC-2D57-478E-AD88-2DD88348D7F0}"
EndProject
Project("{2150E333-8FDC-42A3-9474-1A3956D46DE8}") = "Provider", "Provider", "{4920F788-6092-4D78-B139-0DB546E991E2}"
EndProject
Project("{9A19103F-16F7-4668-BE54-9A1E7A4F7556}") = "UnitTests", "Provider\UnitTests\UnitTests.csproj", "{F5349C61-46D2-4DCC-97A2-B5404AFD52C9}"
EndProject
Project("{9A19103F-16F7-4668-BE54-9A1E7A4F7556}") = "Provider.Web", "Provider\Provider.Web\Provider.Web.csproj", "{CA9123E8-DE55-437D-9216-B24F6C19591E}"
EndProject
Project("{2150E333-8FDC-42A3-9474-1A3956D46DE8}") = "QA", "QA", "{979EDDC0-FC02-4FA1-A1B5-C8B2E6D5CAF9}"
EndProject
Project("{9A19103F-16F7-4668-BE54-9A1E7A4F7556}") = "UnitTests", "QA\UnitTests\UnitTests.csproj", "{0B5F7930-255A-49A0-A3A7-D49C0A614A4C}"
EndProject
Project("{9A19103F-16F7-4668-BE54-9A1E7A4F7556}") = "QA.Web", "QA\QA.Web\QA.Web.csproj", "{D4038811-9284-407A-84F2-B55B9EE087DE}"
EndProject
Project("{2150E333-8FDC-42A3-9474-1A3956D46DE8}") = "Shared", "Shared", "{06186534-5C8C-4B80-B06F-8FFE93DA0A85}"
EndProject
Project("{9A19103F-16F7-4668-BE54-9A1E7A4F7556}") = "UnitTests", "Shared\UnitTests\UnitTests.csproj", "{678711D7-91EA-42D5-9C56-095EE0E6DAD7}"
EndProject
Project("{9A19103F-16F7-4668-BE54-9A1E7A4F7556}") = "Recruit.Shared.Web", "Shared\Recruit.Shared.Web\Recruit.Shared.Web.csproj", "{0CF6DA24-880E-45AF-984E-337284BDCF18}"
EndProject
Project("{9A19103F-16F7-4668-BE54-9A1E7A4F7556}") = "Recruit.Vacancies.Client", "Shared\Recruit.Vacancies.Client\Recruit.Vacancies.Client.csproj", "{B8E884BF-2615-4484-A7B9-A1E3D3AF565D}"
EndProject
Project("{2150E333-8FDC-42A3-9474-1A3956D46DE8}") = "Jobs", "Jobs", "{CCBA9011-72D2-4777-BF77-DFAA3EAEDB52}"
EndProject
Project("{9A19103F-16F7-4668-BE54-9A1E7A4F7556}") = "Recruit.Vacancies.Jobs", "Jobs\Recruit.Vacancies.Jobs\Recruit.Vacancies.Jobs.csproj", "{94947D6D-10EE-4C66-AC21-A1C00CBB8251}"
EndProject
Project("{2150E333-8FDC-42A3-9474-1A3956D46DE8}") = "Communication", "Communication", "{2E95FA8B-6D59-47E7-8096-426B9C46A10C}"
EndProject
Project("{FAE04EC0-301F-11D3-BF4B-00C04F79EFBC}") = "Communication.Core", "Communication\Communication.Core\Communication.Core.csproj", "{7BCF66A2-3803-4C3E-BA5A-A408CC154190}"
EndProject
Project("{FAE04EC0-301F-11D3-BF4B-00C04F79EFBC}") = "Communication.Types", "Communication\Communication.Types\Communication.Types.csproj", "{7AD8BAA3-368D-42F8-ADCF-350A30DA995E}"
EndProject
Project("{FAE04EC0-301F-11D3-BF4B-00C04F79EFBC}") = "Communication.UnitTests", "Communication\Communication.UnitTests\Communication.UnitTests.csproj", "{988F6AF8-9D1F-43B1-A2DA-9D50E227FE29}"
EndProject
Project("{FAE04EC0-301F-11D3-BF4B-00C04F79EFBC}") = "Recruit.Vacancies.Jobs.UnitTests", "Jobs\Recruit.Vacancies.Jobs.UnitTests\Recruit.Vacancies.Jobs.UnitTests.csproj", "{C842F94B-3762-4DC1-9048-EB34BECFB3FA}"
EndProject
Project("{2150E333-8FDC-42A3-9474-1A3956D46DE8}") = "API", "API", "{49C2027D-9827-492A-864C-D59FFD36BFA6}"
EndProject
Project("{FAE04EC0-301F-11D3-BF4B-00C04F79EFBC}") = "Recruit.Api", "API\Recruit.Api\Recruit.Api.csproj", "{C3C9AF16-A656-49E0-8DBA-48BDC2E8EA74}"
EndProject
Project("{FAE04EC0-301F-11D3-BF4B-00C04F79EFBC}") = "Recruit.Api.UnitTests", "API\Recruit.Api.UnitTests\Recruit.Api.UnitTests.csproj", "{8343F252-37F2-4D05-B4A9-27C654F4F2B9}"
EndProject
Global
	GlobalSection(SolutionConfigurationPlatforms) = preSolution
		Debug|Any CPU = Debug|Any CPU
		Debug|x64 = Debug|x64
		Debug|x86 = Debug|x86
		Release|Any CPU = Release|Any CPU
		Release|x64 = Release|x64
		Release|x86 = Release|x86
	EndGlobalSection
	GlobalSection(ProjectConfigurationPlatforms) = postSolution
		{A42E6528-7DBE-414F-B48B-51DAA6546875}.Debug|Any CPU.ActiveCfg = Debug|Any CPU
		{A42E6528-7DBE-414F-B48B-51DAA6546875}.Debug|Any CPU.Build.0 = Debug|Any CPU
		{A42E6528-7DBE-414F-B48B-51DAA6546875}.Debug|x64.ActiveCfg = Debug|Any CPU
		{A42E6528-7DBE-414F-B48B-51DAA6546875}.Debug|x64.Build.0 = Debug|Any CPU
		{A42E6528-7DBE-414F-B48B-51DAA6546875}.Debug|x86.ActiveCfg = Debug|Any CPU
		{A42E6528-7DBE-414F-B48B-51DAA6546875}.Debug|x86.Build.0 = Debug|Any CPU
		{A42E6528-7DBE-414F-B48B-51DAA6546875}.Release|Any CPU.ActiveCfg = Release|Any CPU
		{A42E6528-7DBE-414F-B48B-51DAA6546875}.Release|Any CPU.Build.0 = Release|Any CPU
		{A42E6528-7DBE-414F-B48B-51DAA6546875}.Release|x64.ActiveCfg = Release|Any CPU
		{A42E6528-7DBE-414F-B48B-51DAA6546875}.Release|x64.Build.0 = Release|Any CPU
		{A42E6528-7DBE-414F-B48B-51DAA6546875}.Release|x86.ActiveCfg = Release|Any CPU
		{A42E6528-7DBE-414F-B48B-51DAA6546875}.Release|x86.Build.0 = Release|Any CPU
		{58A51AB4-3A7D-4E69-BB24-61F1249108DF}.Debug|Any CPU.ActiveCfg = Debug|Any CPU
		{58A51AB4-3A7D-4E69-BB24-61F1249108DF}.Debug|Any CPU.Build.0 = Debug|Any CPU
		{58A51AB4-3A7D-4E69-BB24-61F1249108DF}.Debug|x64.ActiveCfg = Debug|Any CPU
		{58A51AB4-3A7D-4E69-BB24-61F1249108DF}.Debug|x64.Build.0 = Debug|Any CPU
		{58A51AB4-3A7D-4E69-BB24-61F1249108DF}.Debug|x86.ActiveCfg = Debug|Any CPU
		{58A51AB4-3A7D-4E69-BB24-61F1249108DF}.Debug|x86.Build.0 = Debug|Any CPU
		{58A51AB4-3A7D-4E69-BB24-61F1249108DF}.Release|Any CPU.ActiveCfg = Release|Any CPU
		{58A51AB4-3A7D-4E69-BB24-61F1249108DF}.Release|Any CPU.Build.0 = Release|Any CPU
		{58A51AB4-3A7D-4E69-BB24-61F1249108DF}.Release|x64.ActiveCfg = Release|Any CPU
		{58A51AB4-3A7D-4E69-BB24-61F1249108DF}.Release|x64.Build.0 = Release|Any CPU
		{58A51AB4-3A7D-4E69-BB24-61F1249108DF}.Release|x86.ActiveCfg = Release|Any CPU
		{58A51AB4-3A7D-4E69-BB24-61F1249108DF}.Release|x86.Build.0 = Release|Any CPU
		{EE570CFC-2D57-478E-AD88-2DD88348D7F0}.Debug|Any CPU.ActiveCfg = Debug|Any CPU
		{EE570CFC-2D57-478E-AD88-2DD88348D7F0}.Debug|Any CPU.Build.0 = Debug|Any CPU
		{EE570CFC-2D57-478E-AD88-2DD88348D7F0}.Debug|x64.ActiveCfg = Debug|Any CPU
		{EE570CFC-2D57-478E-AD88-2DD88348D7F0}.Debug|x64.Build.0 = Debug|Any CPU
		{EE570CFC-2D57-478E-AD88-2DD88348D7F0}.Debug|x86.ActiveCfg = Debug|Any CPU
		{EE570CFC-2D57-478E-AD88-2DD88348D7F0}.Debug|x86.Build.0 = Debug|Any CPU
		{EE570CFC-2D57-478E-AD88-2DD88348D7F0}.Release|Any CPU.ActiveCfg = Release|Any CPU
		{EE570CFC-2D57-478E-AD88-2DD88348D7F0}.Release|Any CPU.Build.0 = Release|Any CPU
		{EE570CFC-2D57-478E-AD88-2DD88348D7F0}.Release|x64.ActiveCfg = Release|Any CPU
		{EE570CFC-2D57-478E-AD88-2DD88348D7F0}.Release|x64.Build.0 = Release|Any CPU
		{EE570CFC-2D57-478E-AD88-2DD88348D7F0}.Release|x86.ActiveCfg = Release|Any CPU
		{EE570CFC-2D57-478E-AD88-2DD88348D7F0}.Release|x86.Build.0 = Release|Any CPU
		{F5349C61-46D2-4DCC-97A2-B5404AFD52C9}.Debug|Any CPU.ActiveCfg = Debug|Any CPU
		{F5349C61-46D2-4DCC-97A2-B5404AFD52C9}.Debug|Any CPU.Build.0 = Debug|Any CPU
		{F5349C61-46D2-4DCC-97A2-B5404AFD52C9}.Debug|x64.ActiveCfg = Debug|Any CPU
		{F5349C61-46D2-4DCC-97A2-B5404AFD52C9}.Debug|x64.Build.0 = Debug|Any CPU
		{F5349C61-46D2-4DCC-97A2-B5404AFD52C9}.Debug|x86.ActiveCfg = Debug|Any CPU
		{F5349C61-46D2-4DCC-97A2-B5404AFD52C9}.Debug|x86.Build.0 = Debug|Any CPU
		{F5349C61-46D2-4DCC-97A2-B5404AFD52C9}.Release|Any CPU.ActiveCfg = Release|Any CPU
		{F5349C61-46D2-4DCC-97A2-B5404AFD52C9}.Release|Any CPU.Build.0 = Release|Any CPU
		{F5349C61-46D2-4DCC-97A2-B5404AFD52C9}.Release|x64.ActiveCfg = Release|Any CPU
		{F5349C61-46D2-4DCC-97A2-B5404AFD52C9}.Release|x64.Build.0 = Release|Any CPU
		{F5349C61-46D2-4DCC-97A2-B5404AFD52C9}.Release|x86.ActiveCfg = Release|Any CPU
		{F5349C61-46D2-4DCC-97A2-B5404AFD52C9}.Release|x86.Build.0 = Release|Any CPU
		{CA9123E8-DE55-437D-9216-B24F6C19591E}.Debug|Any CPU.ActiveCfg = Debug|Any CPU
		{CA9123E8-DE55-437D-9216-B24F6C19591E}.Debug|Any CPU.Build.0 = Debug|Any CPU
		{CA9123E8-DE55-437D-9216-B24F6C19591E}.Debug|x64.ActiveCfg = Debug|Any CPU
		{CA9123E8-DE55-437D-9216-B24F6C19591E}.Debug|x64.Build.0 = Debug|Any CPU
		{CA9123E8-DE55-437D-9216-B24F6C19591E}.Debug|x86.ActiveCfg = Debug|Any CPU
		{CA9123E8-DE55-437D-9216-B24F6C19591E}.Debug|x86.Build.0 = Debug|Any CPU
		{CA9123E8-DE55-437D-9216-B24F6C19591E}.Release|Any CPU.ActiveCfg = Release|Any CPU
		{CA9123E8-DE55-437D-9216-B24F6C19591E}.Release|Any CPU.Build.0 = Release|Any CPU
		{CA9123E8-DE55-437D-9216-B24F6C19591E}.Release|x64.ActiveCfg = Release|Any CPU
		{CA9123E8-DE55-437D-9216-B24F6C19591E}.Release|x64.Build.0 = Release|Any CPU
		{CA9123E8-DE55-437D-9216-B24F6C19591E}.Release|x86.ActiveCfg = Release|Any CPU
		{CA9123E8-DE55-437D-9216-B24F6C19591E}.Release|x86.Build.0 = Release|Any CPU
		{0B5F7930-255A-49A0-A3A7-D49C0A614A4C}.Debug|Any CPU.ActiveCfg = Debug|Any CPU
		{0B5F7930-255A-49A0-A3A7-D49C0A614A4C}.Debug|Any CPU.Build.0 = Debug|Any CPU
		{0B5F7930-255A-49A0-A3A7-D49C0A614A4C}.Debug|x64.ActiveCfg = Debug|Any CPU
		{0B5F7930-255A-49A0-A3A7-D49C0A614A4C}.Debug|x64.Build.0 = Debug|Any CPU
		{0B5F7930-255A-49A0-A3A7-D49C0A614A4C}.Debug|x86.ActiveCfg = Debug|Any CPU
		{0B5F7930-255A-49A0-A3A7-D49C0A614A4C}.Debug|x86.Build.0 = Debug|Any CPU
		{0B5F7930-255A-49A0-A3A7-D49C0A614A4C}.Release|Any CPU.ActiveCfg = Release|Any CPU
		{0B5F7930-255A-49A0-A3A7-D49C0A614A4C}.Release|Any CPU.Build.0 = Release|Any CPU
		{0B5F7930-255A-49A0-A3A7-D49C0A614A4C}.Release|x64.ActiveCfg = Release|Any CPU
		{0B5F7930-255A-49A0-A3A7-D49C0A614A4C}.Release|x64.Build.0 = Release|Any CPU
		{0B5F7930-255A-49A0-A3A7-D49C0A614A4C}.Release|x86.ActiveCfg = Release|Any CPU
		{0B5F7930-255A-49A0-A3A7-D49C0A614A4C}.Release|x86.Build.0 = Release|Any CPU
		{D4038811-9284-407A-84F2-B55B9EE087DE}.Debug|Any CPU.ActiveCfg = Debug|Any CPU
		{D4038811-9284-407A-84F2-B55B9EE087DE}.Debug|Any CPU.Build.0 = Debug|Any CPU
		{D4038811-9284-407A-84F2-B55B9EE087DE}.Debug|x64.ActiveCfg = Debug|Any CPU
		{D4038811-9284-407A-84F2-B55B9EE087DE}.Debug|x64.Build.0 = Debug|Any CPU
		{D4038811-9284-407A-84F2-B55B9EE087DE}.Debug|x86.ActiveCfg = Debug|Any CPU
		{D4038811-9284-407A-84F2-B55B9EE087DE}.Debug|x86.Build.0 = Debug|Any CPU
		{D4038811-9284-407A-84F2-B55B9EE087DE}.Release|Any CPU.ActiveCfg = Release|Any CPU
		{D4038811-9284-407A-84F2-B55B9EE087DE}.Release|Any CPU.Build.0 = Release|Any CPU
		{D4038811-9284-407A-84F2-B55B9EE087DE}.Release|x64.ActiveCfg = Release|Any CPU
		{D4038811-9284-407A-84F2-B55B9EE087DE}.Release|x64.Build.0 = Release|Any CPU
		{D4038811-9284-407A-84F2-B55B9EE087DE}.Release|x86.ActiveCfg = Release|Any CPU
		{D4038811-9284-407A-84F2-B55B9EE087DE}.Release|x86.Build.0 = Release|Any CPU
		{678711D7-91EA-42D5-9C56-095EE0E6DAD7}.Debug|Any CPU.ActiveCfg = Debug|Any CPU
		{678711D7-91EA-42D5-9C56-095EE0E6DAD7}.Debug|Any CPU.Build.0 = Debug|Any CPU
		{678711D7-91EA-42D5-9C56-095EE0E6DAD7}.Debug|x64.ActiveCfg = Debug|Any CPU
		{678711D7-91EA-42D5-9C56-095EE0E6DAD7}.Debug|x64.Build.0 = Debug|Any CPU
		{678711D7-91EA-42D5-9C56-095EE0E6DAD7}.Debug|x86.ActiveCfg = Debug|Any CPU
		{678711D7-91EA-42D5-9C56-095EE0E6DAD7}.Debug|x86.Build.0 = Debug|Any CPU
		{678711D7-91EA-42D5-9C56-095EE0E6DAD7}.Release|Any CPU.ActiveCfg = Release|Any CPU
		{678711D7-91EA-42D5-9C56-095EE0E6DAD7}.Release|Any CPU.Build.0 = Release|Any CPU
		{678711D7-91EA-42D5-9C56-095EE0E6DAD7}.Release|x64.ActiveCfg = Release|Any CPU
		{678711D7-91EA-42D5-9C56-095EE0E6DAD7}.Release|x64.Build.0 = Release|Any CPU
		{678711D7-91EA-42D5-9C56-095EE0E6DAD7}.Release|x86.ActiveCfg = Release|Any CPU
		{678711D7-91EA-42D5-9C56-095EE0E6DAD7}.Release|x86.Build.0 = Release|Any CPU
		{0CF6DA24-880E-45AF-984E-337284BDCF18}.Debug|Any CPU.ActiveCfg = Debug|Any CPU
		{0CF6DA24-880E-45AF-984E-337284BDCF18}.Debug|Any CPU.Build.0 = Debug|Any CPU
		{0CF6DA24-880E-45AF-984E-337284BDCF18}.Debug|x64.ActiveCfg = Debug|Any CPU
		{0CF6DA24-880E-45AF-984E-337284BDCF18}.Debug|x64.Build.0 = Debug|Any CPU
		{0CF6DA24-880E-45AF-984E-337284BDCF18}.Debug|x86.ActiveCfg = Debug|Any CPU
		{0CF6DA24-880E-45AF-984E-337284BDCF18}.Debug|x86.Build.0 = Debug|Any CPU
		{0CF6DA24-880E-45AF-984E-337284BDCF18}.Release|Any CPU.ActiveCfg = Release|Any CPU
		{0CF6DA24-880E-45AF-984E-337284BDCF18}.Release|Any CPU.Build.0 = Release|Any CPU
		{0CF6DA24-880E-45AF-984E-337284BDCF18}.Release|x64.ActiveCfg = Release|Any CPU
		{0CF6DA24-880E-45AF-984E-337284BDCF18}.Release|x64.Build.0 = Release|Any CPU
		{0CF6DA24-880E-45AF-984E-337284BDCF18}.Release|x86.ActiveCfg = Release|Any CPU
		{0CF6DA24-880E-45AF-984E-337284BDCF18}.Release|x86.Build.0 = Release|Any CPU
		{B8E884BF-2615-4484-A7B9-A1E3D3AF565D}.Debug|Any CPU.ActiveCfg = Debug|Any CPU
		{B8E884BF-2615-4484-A7B9-A1E3D3AF565D}.Debug|Any CPU.Build.0 = Debug|Any CPU
		{B8E884BF-2615-4484-A7B9-A1E3D3AF565D}.Debug|x64.ActiveCfg = Debug|Any CPU
		{B8E884BF-2615-4484-A7B9-A1E3D3AF565D}.Debug|x64.Build.0 = Debug|Any CPU
		{B8E884BF-2615-4484-A7B9-A1E3D3AF565D}.Debug|x86.ActiveCfg = Debug|Any CPU
		{B8E884BF-2615-4484-A7B9-A1E3D3AF565D}.Debug|x86.Build.0 = Debug|Any CPU
		{B8E884BF-2615-4484-A7B9-A1E3D3AF565D}.Release|Any CPU.ActiveCfg = Release|Any CPU
		{B8E884BF-2615-4484-A7B9-A1E3D3AF565D}.Release|Any CPU.Build.0 = Release|Any CPU
		{B8E884BF-2615-4484-A7B9-A1E3D3AF565D}.Release|x64.ActiveCfg = Release|Any CPU
		{B8E884BF-2615-4484-A7B9-A1E3D3AF565D}.Release|x64.Build.0 = Release|Any CPU
		{B8E884BF-2615-4484-A7B9-A1E3D3AF565D}.Release|x86.ActiveCfg = Release|Any CPU
		{B8E884BF-2615-4484-A7B9-A1E3D3AF565D}.Release|x86.Build.0 = Release|Any CPU
		{94947D6D-10EE-4C66-AC21-A1C00CBB8251}.Debug|Any CPU.ActiveCfg = Debug|Any CPU
		{94947D6D-10EE-4C66-AC21-A1C00CBB8251}.Debug|Any CPU.Build.0 = Debug|Any CPU
		{94947D6D-10EE-4C66-AC21-A1C00CBB8251}.Debug|x64.ActiveCfg = Debug|Any CPU
		{94947D6D-10EE-4C66-AC21-A1C00CBB8251}.Debug|x64.Build.0 = Debug|Any CPU
		{94947D6D-10EE-4C66-AC21-A1C00CBB8251}.Debug|x86.ActiveCfg = Debug|Any CPU
		{94947D6D-10EE-4C66-AC21-A1C00CBB8251}.Debug|x86.Build.0 = Debug|Any CPU
		{94947D6D-10EE-4C66-AC21-A1C00CBB8251}.Release|Any CPU.ActiveCfg = Release|Any CPU
		{94947D6D-10EE-4C66-AC21-A1C00CBB8251}.Release|Any CPU.Build.0 = Release|Any CPU
		{94947D6D-10EE-4C66-AC21-A1C00CBB8251}.Release|x64.ActiveCfg = Release|Any CPU
		{94947D6D-10EE-4C66-AC21-A1C00CBB8251}.Release|x64.Build.0 = Release|Any CPU
		{94947D6D-10EE-4C66-AC21-A1C00CBB8251}.Release|x86.ActiveCfg = Release|Any CPU
		{94947D6D-10EE-4C66-AC21-A1C00CBB8251}.Release|x86.Build.0 = Release|Any CPU
		{7BCF66A2-3803-4C3E-BA5A-A408CC154190}.Debug|Any CPU.ActiveCfg = Debug|Any CPU
		{7BCF66A2-3803-4C3E-BA5A-A408CC154190}.Debug|Any CPU.Build.0 = Debug|Any CPU
		{7BCF66A2-3803-4C3E-BA5A-A408CC154190}.Debug|x64.ActiveCfg = Debug|Any CPU
		{7BCF66A2-3803-4C3E-BA5A-A408CC154190}.Debug|x64.Build.0 = Debug|Any CPU
		{7BCF66A2-3803-4C3E-BA5A-A408CC154190}.Debug|x86.ActiveCfg = Debug|Any CPU
		{7BCF66A2-3803-4C3E-BA5A-A408CC154190}.Debug|x86.Build.0 = Debug|Any CPU
		{7BCF66A2-3803-4C3E-BA5A-A408CC154190}.Release|Any CPU.ActiveCfg = Release|Any CPU
		{7BCF66A2-3803-4C3E-BA5A-A408CC154190}.Release|Any CPU.Build.0 = Release|Any CPU
		{7BCF66A2-3803-4C3E-BA5A-A408CC154190}.Release|x64.ActiveCfg = Release|Any CPU
		{7BCF66A2-3803-4C3E-BA5A-A408CC154190}.Release|x64.Build.0 = Release|Any CPU
		{7BCF66A2-3803-4C3E-BA5A-A408CC154190}.Release|x86.ActiveCfg = Release|Any CPU
		{7BCF66A2-3803-4C3E-BA5A-A408CC154190}.Release|x86.Build.0 = Release|Any CPU
		{7AD8BAA3-368D-42F8-ADCF-350A30DA995E}.Debug|Any CPU.ActiveCfg = Debug|Any CPU
		{7AD8BAA3-368D-42F8-ADCF-350A30DA995E}.Debug|Any CPU.Build.0 = Debug|Any CPU
		{7AD8BAA3-368D-42F8-ADCF-350A30DA995E}.Debug|x64.ActiveCfg = Debug|Any CPU
		{7AD8BAA3-368D-42F8-ADCF-350A30DA995E}.Debug|x64.Build.0 = Debug|Any CPU
		{7AD8BAA3-368D-42F8-ADCF-350A30DA995E}.Debug|x86.ActiveCfg = Debug|Any CPU
		{7AD8BAA3-368D-42F8-ADCF-350A30DA995E}.Debug|x86.Build.0 = Debug|Any CPU
		{7AD8BAA3-368D-42F8-ADCF-350A30DA995E}.Release|Any CPU.ActiveCfg = Release|Any CPU
		{7AD8BAA3-368D-42F8-ADCF-350A30DA995E}.Release|Any CPU.Build.0 = Release|Any CPU
		{7AD8BAA3-368D-42F8-ADCF-350A30DA995E}.Release|x64.ActiveCfg = Release|Any CPU
		{7AD8BAA3-368D-42F8-ADCF-350A30DA995E}.Release|x64.Build.0 = Release|Any CPU
		{7AD8BAA3-368D-42F8-ADCF-350A30DA995E}.Release|x86.ActiveCfg = Release|Any CPU
		{7AD8BAA3-368D-42F8-ADCF-350A30DA995E}.Release|x86.Build.0 = Release|Any CPU
		{988F6AF8-9D1F-43B1-A2DA-9D50E227FE29}.Debug|Any CPU.ActiveCfg = Debug|Any CPU
		{988F6AF8-9D1F-43B1-A2DA-9D50E227FE29}.Debug|Any CPU.Build.0 = Debug|Any CPU
		{988F6AF8-9D1F-43B1-A2DA-9D50E227FE29}.Debug|x64.ActiveCfg = Debug|Any CPU
		{988F6AF8-9D1F-43B1-A2DA-9D50E227FE29}.Debug|x64.Build.0 = Debug|Any CPU
		{988F6AF8-9D1F-43B1-A2DA-9D50E227FE29}.Debug|x86.ActiveCfg = Debug|Any CPU
		{988F6AF8-9D1F-43B1-A2DA-9D50E227FE29}.Debug|x86.Build.0 = Debug|Any CPU
		{988F6AF8-9D1F-43B1-A2DA-9D50E227FE29}.Release|Any CPU.ActiveCfg = Release|Any CPU
		{988F6AF8-9D1F-43B1-A2DA-9D50E227FE29}.Release|Any CPU.Build.0 = Release|Any CPU
		{988F6AF8-9D1F-43B1-A2DA-9D50E227FE29}.Release|x64.ActiveCfg = Release|Any CPU
		{988F6AF8-9D1F-43B1-A2DA-9D50E227FE29}.Release|x64.Build.0 = Release|Any CPU
		{988F6AF8-9D1F-43B1-A2DA-9D50E227FE29}.Release|x86.ActiveCfg = Release|Any CPU
		{988F6AF8-9D1F-43B1-A2DA-9D50E227FE29}.Release|x86.Build.0 = Release|Any CPU
		{C842F94B-3762-4DC1-9048-EB34BECFB3FA}.Debug|Any CPU.ActiveCfg = Debug|Any CPU
		{C842F94B-3762-4DC1-9048-EB34BECFB3FA}.Debug|Any CPU.Build.0 = Debug|Any CPU
		{C842F94B-3762-4DC1-9048-EB34BECFB3FA}.Debug|x64.ActiveCfg = Debug|Any CPU
		{C842F94B-3762-4DC1-9048-EB34BECFB3FA}.Debug|x64.Build.0 = Debug|Any CPU
		{C842F94B-3762-4DC1-9048-EB34BECFB3FA}.Debug|x86.ActiveCfg = Debug|Any CPU
		{C842F94B-3762-4DC1-9048-EB34BECFB3FA}.Debug|x86.Build.0 = Debug|Any CPU
		{C842F94B-3762-4DC1-9048-EB34BECFB3FA}.Release|Any CPU.ActiveCfg = Release|Any CPU
		{C842F94B-3762-4DC1-9048-EB34BECFB3FA}.Release|Any CPU.Build.0 = Release|Any CPU
		{C842F94B-3762-4DC1-9048-EB34BECFB3FA}.Release|x64.ActiveCfg = Release|Any CPU
		{C842F94B-3762-4DC1-9048-EB34BECFB3FA}.Release|x64.Build.0 = Release|Any CPU
		{C842F94B-3762-4DC1-9048-EB34BECFB3FA}.Release|x86.ActiveCfg = Release|Any CPU
		{C842F94B-3762-4DC1-9048-EB34BECFB3FA}.Release|x86.Build.0 = Release|Any CPU
		{C3C9AF16-A656-49E0-8DBA-48BDC2E8EA74}.Debug|Any CPU.ActiveCfg = Debug|Any CPU
		{C3C9AF16-A656-49E0-8DBA-48BDC2E8EA74}.Debug|Any CPU.Build.0 = Debug|Any CPU
		{C3C9AF16-A656-49E0-8DBA-48BDC2E8EA74}.Debug|x64.ActiveCfg = Debug|Any CPU
		{C3C9AF16-A656-49E0-8DBA-48BDC2E8EA74}.Debug|x64.Build.0 = Debug|Any CPU
		{C3C9AF16-A656-49E0-8DBA-48BDC2E8EA74}.Debug|x86.ActiveCfg = Debug|Any CPU
		{C3C9AF16-A656-49E0-8DBA-48BDC2E8EA74}.Debug|x86.Build.0 = Debug|Any CPU
		{C3C9AF16-A656-49E0-8DBA-48BDC2E8EA74}.Release|Any CPU.ActiveCfg = Release|Any CPU
		{C3C9AF16-A656-49E0-8DBA-48BDC2E8EA74}.Release|Any CPU.Build.0 = Release|Any CPU
		{C3C9AF16-A656-49E0-8DBA-48BDC2E8EA74}.Release|x64.ActiveCfg = Release|Any CPU
		{C3C9AF16-A656-49E0-8DBA-48BDC2E8EA74}.Release|x64.Build.0 = Release|Any CPU
		{C3C9AF16-A656-49E0-8DBA-48BDC2E8EA74}.Release|x86.ActiveCfg = Release|Any CPU
		{C3C9AF16-A656-49E0-8DBA-48BDC2E8EA74}.Release|x86.Build.0 = Release|Any CPU
		{8343F252-37F2-4D05-B4A9-27C654F4F2B9}.Debug|Any CPU.ActiveCfg = Debug|Any CPU
		{8343F252-37F2-4D05-B4A9-27C654F4F2B9}.Debug|Any CPU.Build.0 = Debug|Any CPU
		{8343F252-37F2-4D05-B4A9-27C654F4F2B9}.Debug|x64.ActiveCfg = Debug|Any CPU
		{8343F252-37F2-4D05-B4A9-27C654F4F2B9}.Debug|x64.Build.0 = Debug|Any CPU
		{8343F252-37F2-4D05-B4A9-27C654F4F2B9}.Debug|x86.ActiveCfg = Debug|Any CPU
		{8343F252-37F2-4D05-B4A9-27C654F4F2B9}.Debug|x86.Build.0 = Debug|Any CPU
		{8343F252-37F2-4D05-B4A9-27C654F4F2B9}.Release|Any CPU.ActiveCfg = Release|Any CPU
		{8343F252-37F2-4D05-B4A9-27C654F4F2B9}.Release|Any CPU.Build.0 = Release|Any CPU
		{8343F252-37F2-4D05-B4A9-27C654F4F2B9}.Release|x64.ActiveCfg = Release|Any CPU
		{8343F252-37F2-4D05-B4A9-27C654F4F2B9}.Release|x64.Build.0 = Release|Any CPU
		{8343F252-37F2-4D05-B4A9-27C654F4F2B9}.Release|x86.ActiveCfg = Release|Any CPU
		{8343F252-37F2-4D05-B4A9-27C654F4F2B9}.Release|x86.Build.0 = Release|Any CPU
	EndGlobalSection
	GlobalSection(SolutionProperties) = preSolution
		HideSolutionNode = FALSE
	EndGlobalSection
	GlobalSection(NestedProjects) = preSolution
		{A42E6528-7DBE-414F-B48B-51DAA6546875} = {470FBC22-748F-4CB6-A273-C89638289E6E}
		{58A51AB4-3A7D-4E69-BB24-61F1249108DF} = {470FBC22-748F-4CB6-A273-C89638289E6E}
		{EE570CFC-2D57-478E-AD88-2DD88348D7F0} = {470FBC22-748F-4CB6-A273-C89638289E6E}
		{F5349C61-46D2-4DCC-97A2-B5404AFD52C9} = {4920F788-6092-4D78-B139-0DB546E991E2}
		{CA9123E8-DE55-437D-9216-B24F6C19591E} = {4920F788-6092-4D78-B139-0DB546E991E2}
		{0B5F7930-255A-49A0-A3A7-D49C0A614A4C} = {979EDDC0-FC02-4FA1-A1B5-C8B2E6D5CAF9}
		{D4038811-9284-407A-84F2-B55B9EE087DE} = {979EDDC0-FC02-4FA1-A1B5-C8B2E6D5CAF9}
		{678711D7-91EA-42D5-9C56-095EE0E6DAD7} = {06186534-5C8C-4B80-B06F-8FFE93DA0A85}
		{0CF6DA24-880E-45AF-984E-337284BDCF18} = {06186534-5C8C-4B80-B06F-8FFE93DA0A85}
		{B8E884BF-2615-4484-A7B9-A1E3D3AF565D} = {06186534-5C8C-4B80-B06F-8FFE93DA0A85}
		{94947D6D-10EE-4C66-AC21-A1C00CBB8251} = {CCBA9011-72D2-4777-BF77-DFAA3EAEDB52}
		{7BCF66A2-3803-4C3E-BA5A-A408CC154190} = {2E95FA8B-6D59-47E7-8096-426B9C46A10C}
		{7AD8BAA3-368D-42F8-ADCF-350A30DA995E} = {2E95FA8B-6D59-47E7-8096-426B9C46A10C}
		{988F6AF8-9D1F-43B1-A2DA-9D50E227FE29} = {2E95FA8B-6D59-47E7-8096-426B9C46A10C}
		{C842F94B-3762-4DC1-9048-EB34BECFB3FA} = {CCBA9011-72D2-4777-BF77-DFAA3EAEDB52}
		{C3C9AF16-A656-49E0-8DBA-48BDC2E8EA74} = {49C2027D-9827-492A-864C-D59FFD36BFA6}
		{8343F252-37F2-4D05-B4A9-27C654F4F2B9} = {49C2027D-9827-492A-864C-D59FFD36BFA6}
	EndGlobalSection
	GlobalSection(ExtensibilityGlobals) = postSolution
		SolutionGuid = {8192D78A-7A90-4055-A3BF-8A465C8A0AB1}
	EndGlobalSection
EndGlobal
